
Microsoft Visual Studio Solution File, Format Version 12.00
# Visual Studio Version 17
VisualStudioVersion = 17.0.31903.59
MinimumVisualStudioVersion = 10.0.40219.1
Project("{2150E333-8FDC-42A3-9474-1A3956D46DE8}") = "src", "src", "{0100FF39-049A-4F70-80C8-895A9F852661}"
EndProject
Project("{2150E333-8FDC-42A3-9474-1A3956D46DE8}") = "Shared", "Shared", "{E19767FD-7AA2-4709-89DB-AC3AAE4A4FDA}"
EndProject
Project("{9A19103F-16F7-4668-BE54-9A1E7A4F7556}") = "Domain", "src\Shared\Domain\Domain.csproj", "{3D70BAEC-E0B0-456C-8053-3A8E3C5BF7E0}"
EndProject
Project("{2150E333-8FDC-42A3-9474-1A3956D46DE8}") = "TempManager", "TempManager", "{62A99888-21B9-41A9-9484-D2F536DFFE7D}"
EndProject
Project("{9A19103F-16F7-4668-BE54-9A1E7A4F7556}") = "Application", "src\TempManager\Application\Application.csproj", "{B0E95A96-7B7A-40EE-BC99-81A68E478A11}"
EndProject
Project("{9A19103F-16F7-4668-BE54-9A1E7A4F7556}") = "Core", "src\TempManager\Core\Core.csproj", "{0669D750-BE26-44BA-AB9F-EDF536B31421}"
EndProject
Project("{9A19103F-16F7-4668-BE54-9A1E7A4F7556}") = "UI", "src\TempManager\UI\UI.csproj", "{B4325C88-8509-4DDF-AB1F-72A5C18CF66C}"
EndProject
Project("{9A19103F-16F7-4668-BE54-9A1E7A4F7556}") = "Logger", "src\Logger\Logger.csproj", "{EE6E5410-2172-4C32-8EFC-9750600BC7B9}"
EndProject
Project("{FAE04EC0-301F-11D3-BF4B-00C04F79EFBC}") = "Notifier", "src\Notifier\Notifier.csproj", "{AD787A00-51C1-4E9F-902A-D178ED3393FD}"
EndProject
Global
	GlobalSection(SolutionConfigurationPlatforms) = preSolution
		Debug|Any CPU = Debug|Any CPU
		Release|Any CPU = Release|Any CPU
	EndGlobalSection
	GlobalSection(ProjectConfigurationPlatforms) = postSolution
		{3D70BAEC-E0B0-456C-8053-3A8E3C5BF7E0}.Debug|Any CPU.ActiveCfg = Debug|Any CPU
		{3D70BAEC-E0B0-456C-8053-3A8E3C5BF7E0}.Debug|Any CPU.Build.0 = Debug|Any CPU
		{3D70BAEC-E0B0-456C-8053-3A8E3C5BF7E0}.Release|Any CPU.ActiveCfg = Release|Any CPU
		{3D70BAEC-E0B0-456C-8053-3A8E3C5BF7E0}.Release|Any CPU.Build.0 = Release|Any CPU
		{B0E95A96-7B7A-40EE-BC99-81A68E478A11}.Debug|Any CPU.ActiveCfg = Debug|Any CPU
		{B0E95A96-7B7A-40EE-BC99-81A68E478A11}.Debug|Any CPU.Build.0 = Debug|Any CPU
		{B0E95A96-7B7A-40EE-BC99-81A68E478A11}.Release|Any CPU.ActiveCfg = Release|Any CPU
		{B0E95A96-7B7A-40EE-BC99-81A68E478A11}.Release|Any CPU.Build.0 = Release|Any CPU
		{0669D750-BE26-44BA-AB9F-EDF536B31421}.Debug|Any CPU.ActiveCfg = Debug|Any CPU
		{0669D750-BE26-44BA-AB9F-EDF536B31421}.Debug|Any CPU.Build.0 = Debug|Any CPU
		{0669D750-BE26-44BA-AB9F-EDF536B31421}.Release|Any CPU.ActiveCfg = Release|Any CPU
		{0669D750-BE26-44BA-AB9F-EDF536B31421}.Release|Any CPU.Build.0 = Release|Any CPU
		{B4325C88-8509-4DDF-AB1F-72A5C18CF66C}.Debug|Any CPU.ActiveCfg = Debug|Any CPU
		{B4325C88-8509-4DDF-AB1F-72A5C18CF66C}.Debug|Any CPU.Build.0 = Debug|Any CPU
		{B4325C88-8509-4DDF-AB1F-72A5C18CF66C}.Release|Any CPU.ActiveCfg = Release|Any CPU
		{B4325C88-8509-4DDF-AB1F-72A5C18CF66C}.Release|Any CPU.Build.0 = Release|Any CPU
		{EE6E5410-2172-4C32-8EFC-9750600BC7B9}.Debug|Any CPU.ActiveCfg = Debug|Any CPU
		{EE6E5410-2172-4C32-8EFC-9750600BC7B9}.Debug|Any CPU.Build.0 = Debug|Any CPU
		{EE6E5410-2172-4C32-8EFC-9750600BC7B9}.Release|Any CPU.ActiveCfg = Release|Any CPU
		{EE6E5410-2172-4C32-8EFC-9750600BC7B9}.Release|Any CPU.Build.0 = Release|Any CPU
		{AD787A00-51C1-4E9F-902A-D178ED3393FD}.Debug|Any CPU.ActiveCfg = Debug|Any CPU
		{AD787A00-51C1-4E9F-902A-D178ED3393FD}.Debug|Any CPU.Build.0 = Debug|Any CPU
		{AD787A00-51C1-4E9F-902A-D178ED3393FD}.Release|Any CPU.ActiveCfg = Release|Any CPU
		{AD787A00-51C1-4E9F-902A-D178ED3393FD}.Release|Any CPU.Build.0 = Release|Any CPU
	EndGlobalSection
	GlobalSection(SolutionProperties) = preSolution
		HideSolutionNode = FALSE
	EndGlobalSection
	GlobalSection(NestedProjects) = preSolution
		{E19767FD-7AA2-4709-89DB-AC3AAE4A4FDA} = {0100FF39-049A-4F70-80C8-895A9F852661}
		{3D70BAEC-E0B0-456C-8053-3A8E3C5BF7E0} = {E19767FD-7AA2-4709-89DB-AC3AAE4A4FDA}
		{62A99888-21B9-41A9-9484-D2F536DFFE7D} = {0100FF39-049A-4F70-80C8-895A9F852661}
		{B0E95A96-7B7A-40EE-BC99-81A68E478A11} = {62A99888-21B9-41A9-9484-D2F536DFFE7D}
		{0669D750-BE26-44BA-AB9F-EDF536B31421} = {62A99888-21B9-41A9-9484-D2F536DFFE7D}
		{B4325C88-8509-4DDF-AB1F-72A5C18CF66C} = {62A99888-21B9-41A9-9484-D2F536DFFE7D}
		{EE6E5410-2172-4C32-8EFC-9750600BC7B9} = {0100FF39-049A-4F70-80C8-895A9F852661}
		{AD787A00-51C1-4E9F-902A-D178ED3393FD} = {0100FF39-049A-4F70-80C8-895A9F852661}
	EndGlobalSection
	GlobalSection(ExtensibilityGlobals) = postSolution
		SolutionGuid = {EE8C8627-74A2-480F-A7AF-2EB48A8FB67B}
	EndGlobalSection
EndGlobal
